
Microsoft Visual Studio Solution File, Format Version 12.00
# Visual Studio Version 17
VisualStudioVersion = 17.0.32014.148
MinimumVisualStudioVersion = 10.0.40219.1
Project("{9A19103F-16F7-4668-BE54-9A1E7A4F7556}") = "ProjectTrackerAPI", "ProjectTracker\ProjectTrackerAPI.csproj", "{123FE20B-7076-449F-AF30-8DAC312179DD}"
EndProject
Project("{2150E333-8FDC-42A3-9474-1A3956D46DE8}") = "Database", "Database", "{5F9B388B-36C1-4B32-B91F-D03E3ED83D63}"
EndProject
Project("{00D1A9C2-B5F0-4AF3-8072-F6C62B433612}") = "ProjectTrackerDatabase", "ProjectTrackerDatabase\ProjectTrackerDatabase.sqlproj", "{951628F1-072F-41AE-9748-7BC4E82BDDE3}"
EndProject
Project("{2150E333-8FDC-42A3-9474-1A3956D46DE8}") = "UI", "UI", "{6D903EEB-5259-4691-9CB1-21ED948A4CEE}"
EndProject
Project("{9A19103F-16F7-4668-BE54-9A1E7A4F7556}") = "ProjectTrackerUI", "ProjectTrackerUI\ProjectTrackerUI.csproj", "{A82E5267-DAEF-4C62-9E3E-9E1E0B25FF43}"
EndProject
Project("{2150E333-8FDC-42A3-9474-1A3956D46DE8}") = "API", "API", "{29868715-EA80-4A6C-A854-0F0706B867A3}"
EndProject
Global
	GlobalSection(SolutionConfigurationPlatforms) = preSolution
		Debug|Any CPU = Debug|Any CPU
		Release|Any CPU = Release|Any CPU
	EndGlobalSection
	GlobalSection(ProjectConfigurationPlatforms) = postSolution
		{123FE20B-7076-449F-AF30-8DAC312179DD}.Debug|Any CPU.ActiveCfg = Debug|Any CPU
		{123FE20B-7076-449F-AF30-8DAC312179DD}.Debug|Any CPU.Build.0 = Debug|Any CPU
		{123FE20B-7076-449F-AF30-8DAC312179DD}.Release|Any CPU.ActiveCfg = Release|Any CPU
		{123FE20B-7076-449F-AF30-8DAC312179DD}.Release|Any CPU.Build.0 = Release|Any CPU
		{951628F1-072F-41AE-9748-7BC4E82BDDE3}.Debug|Any CPU.ActiveCfg = Debug|Any CPU
		{951628F1-072F-41AE-9748-7BC4E82BDDE3}.Debug|Any CPU.Build.0 = Debug|Any CPU
		{951628F1-072F-41AE-9748-7BC4E82BDDE3}.Debug|Any CPU.Deploy.0 = Debug|Any CPU
		{951628F1-072F-41AE-9748-7BC4E82BDDE3}.Release|Any CPU.ActiveCfg = Release|Any CPU
		{951628F1-072F-41AE-9748-7BC4E82BDDE3}.Release|Any CPU.Build.0 = Release|Any CPU
		{951628F1-072F-41AE-9748-7BC4E82BDDE3}.Release|Any CPU.Deploy.0 = Release|Any CPU
		{A82E5267-DAEF-4C62-9E3E-9E1E0B25FF43}.Debug|Any CPU.ActiveCfg = Debug|Any CPU
		{A82E5267-DAEF-4C62-9E3E-9E1E0B25FF43}.Debug|Any CPU.Build.0 = Debug|Any CPU
		{A82E5267-DAEF-4C62-9E3E-9E1E0B25FF43}.Release|Any CPU.ActiveCfg = Release|Any CPU
		{A82E5267-DAEF-4C62-9E3E-9E1E0B25FF43}.Release|Any CPU.Build.0 = Release|Any CPU
	EndGlobalSection
	GlobalSection(SolutionProperties) = preSolution
		HideSolutionNode = FALSE
	EndGlobalSection
	GlobalSection(NestedProjects) = preSolution
		{123FE20B-7076-449F-AF30-8DAC312179DD} = {29868715-EA80-4A6C-A854-0F0706B867A3}
		{951628F1-072F-41AE-9748-7BC4E82BDDE3} = {5F9B388B-36C1-4B32-B91F-D03E3ED83D63}
		{A82E5267-DAEF-4C62-9E3E-9E1E0B25FF43} = {6D903EEB-5259-4691-9CB1-21ED948A4CEE}
	EndGlobalSection
	GlobalSection(ExtensibilityGlobals) = postSolution
		SolutionGuid = {826C073D-57D4-4A11-A881-858EB1C60A3A}
	EndGlobalSection
EndGlobal
