
Microsoft Visual Studio Solution File, Format Version 12.00
# Visual Studio Version 17
VisualStudioVersion = 17.0.31903.59
MinimumVisualStudioVersion = 10.0.40219.1
Project("{9A19103F-16F7-4668-BE54-9A1E7A4F7556}") = "DataAccessLayer", DataAccessLayer.csproj", "{AAD75F2F-2814-4DBE-AC95-5B8A59A8F63B}"
EndProject
Global
	GlobalSection(SolutionConfigurationPlatforms) = preSolution
		Debug|Any CPU = Debug|Any CPU
		Release|Any CPU = Release|Any CPU
	EndGlobalSection
	GlobalSection(ProjectConfigurationPlatforms) = postSolution
		{AAD75F2F-2814-4DBE-AC95-5B8A59A8F63B}.Debug|Any CPU.ActiveCfg = Debug|Any CPU
		{AAD75F2F-2814-4DBE-AC95-5B8A59A8F63B}.Debug|Any CPU.Build.0 = Debug|Any CPU
		{AAD75F2F-2814-4DBE-AC95-5B8A59A8F63B}.Release|Any CPU.ActiveCfg = Release|Any CPU
		{AAD75F2F-2814-4DBE-AC95-5B8A59A8F63B}.Release|Any CPU.Build.0 = Release|Any CPU
	EndGlobalSection
	GlobalSection(SolutionProperties) = preSolution
		HideSolutionNode = FALSE
	EndGlobalSection
	GlobalSection(ExtensibilityGlobals) = postSolution
		SolutionGuid = {AF570CAD-ACED-4706-AC57-8EF878FA5736}
	EndGlobalSection
EndGlobal
